
Microsoft Visual Studio Solution File, Format Version 12.00
# Visual Studio Version 17
VisualStudioVersion = 17.3.32901.215
MinimumVisualStudioVersion = 10.0.40219.1
Project("{FAE04EC0-301F-11D3-BF4B-00C04F79EFBC}") = "WebServer", "WebServer\WebServer.csproj", "{FB9406ED-C62C-4171-BF9B-5DEA4B24A8FB}"
EndProject
Project("{FAE04EC0-301F-11D3-BF4B-00C04F79EFBC}") = "WebServer.Server", "WebServer.Server\WebServer.Server.csproj", "{E2E65E8B-9502-4CC6-A595-3FE7F99E3B9E}"
EndProject
Global
	GlobalSection(SolutionConfigurationPlatforms) = preSolution
		Debug|Any CPU = Debug|Any CPU
		Release|Any CPU = Release|Any CPU
	EndGlobalSection
	GlobalSection(ProjectConfigurationPlatforms) = postSolution
		{FB9406ED-C62C-4171-BF9B-5DEA4B24A8FB}.Debug|Any CPU.ActiveCfg = Debug|Any CPU
		{FB9406ED-C62C-4171-BF9B-5DEA4B24A8FB}.Debug|Any CPU.Build.0 = Debug|Any CPU
		{FB9406ED-C62C-4171-BF9B-5DEA4B24A8FB}.Release|Any CPU.ActiveCfg = Release|Any CPU
		{FB9406ED-C62C-4171-BF9B-5DEA4B24A8FB}.Release|Any CPU.Build.0 = Release|Any CPU
		{E2E65E8B-9502-4CC6-A595-3FE7F99E3B9E}.Debug|Any CPU.ActiveCfg = Debug|Any CPU
		{E2E65E8B-9502-4CC6-A595-3FE7F99E3B9E}.Debug|Any CPU.Build.0 = Debug|Any CPU
		{E2E65E8B-9502-4CC6-A595-3FE7F99E3B9E}.Release|Any CPU.ActiveCfg = Release|Any CPU
		{E2E65E8B-9502-4CC6-A595-3FE7F99E3B9E}.Release|Any CPU.Build.0 = Release|Any CPU
	EndGlobalSection
	GlobalSection(SolutionProperties) = preSolution
		HideSolutionNode = FALSE
	EndGlobalSection
	GlobalSection(ExtensibilityGlobals) = postSolution
		SolutionGuid = {87739D5C-7C76-4240-B442-DDA28616100C}
	EndGlobalSection
EndGlobal
