
Microsoft Visual Studio Solution File, Format Version 12.00
# Visual Studio Version 17
VisualStudioVersion = 17.3.32901.215
MinimumVisualStudioVersion = 10.0.40219.1
Project("{FAE04EC0-301F-11D3-BF4B-00C04F79EFBC}") = "AsyncCook", "AsyncCook\AsyncCook.csproj", "{ADCE5F2C-BF5A-443D-A016-085FB47CB345}"
EndProject
Global
	GlobalSection(SolutionConfigurationPlatforms) = preSolution
		Debug|Any CPU = Debug|Any CPU
		Release|Any CPU = Release|Any CPU
	EndGlobalSection
	GlobalSection(ProjectConfigurationPlatforms) = postSolution
		{ADCE5F2C-BF5A-443D-A016-085FB47CB345}.Debug|Any CPU.ActiveCfg = Debug|Any CPU
		{ADCE5F2C-BF5A-443D-A016-085FB47CB345}.Debug|Any CPU.Build.0 = Debug|Any CPU
		{ADCE5F2C-BF5A-443D-A016-085FB47CB345}.Release|Any CPU.ActiveCfg = Release|Any CPU
		{ADCE5F2C-BF5A-443D-A016-085FB47CB345}.Release|Any CPU.Build.0 = Release|Any CPU
	EndGlobalSection
	GlobalSection(SolutionProperties) = preSolution
		HideSolutionNode = FALSE
	EndGlobalSection
	GlobalSection(ExtensibilityGlobals) = postSolution
		SolutionGuid = {668EFA4E-4813-40DA-A04B-0194903D2E08}
	EndGlobalSection
EndGlobal
